// !$*UTF8*$!
{
	archiveVersion = 1;
	classes = {
	};
	objectVersion = 50;
	objects = {

/* Begin PBXBuildFile section */
		4E2A8AFE2116828500290C02 /* Assets.xcassets in Resources */ = {isa = PBXBuildFile; fileRef = 4E2A8AF42116828500290C02 /* Assets.xcassets */; };
		4E2A8AFF2116828500290C02 /* ViewController.m in Sources */ = {isa = PBXBuildFile; fileRef = 4E2A8AF52116828500290C02 /* ViewController.m */; };
		4E2A8B002116828500290C02 /* LaunchScreen.storyboard in Resources */ = {isa = PBXBuildFile; fileRef = 4E2A8AF62116828500290C02 /* LaunchScreen.storyboard */; };
		4E2A8B012116828500290C02 /* Main.storyboard in Resources */ = {isa = PBXBuildFile; fileRef = 4E2A8AF82116828500290C02 /* Main.storyboard */; };
		4E2A8B022116828500290C02 /* main.m in Sources */ = {isa = PBXBuildFile; fileRef = 4E2A8AFA2116828500290C02 /* main.m */; };
		4E2A8B032116828500290C02 /* AppDelegate.m in Sources */ = {isa = PBXBuildFile; fileRef = 4E2A8AFB2116828500290C02 /* AppDelegate.m */; };
		4E2A8B042116828500290C02 /* Info.plist in Resources */ = {isa = PBXBuildFile; fileRef = 4E2A8AFC2116828500290C02 /* Info.plist */; };
		4E2A8B39211685F800290C02 /* SDWindowLib.h in CopyFiles */ = {isa = PBXBuildFile; fileRef = 4E2A8B36211685F800290C02 /* SDWindowLib.h */; };
		4E2A8B462116869B00290C02 /* SDWindow.m in Sources */ = {isa = PBXBuildFile; fileRef = 4E2A8B442116869B00290C02 /* SDWindow.m */; };
		4E2A8B472116869F00290C02 /* SDWindow.m in Sources */ = {isa = PBXBuildFile; fileRef = 4E2A8B442116869B00290C02 /* SDWindow.m */; };
/* End PBXBuildFile section */

/* Begin PBXCopyFilesBuildPhase section */
		4E2A8B32211685F800290C02 /* CopyFiles */ = {
			isa = PBXCopyFilesBuildPhase;
			buildActionMask = 2147483647;
			dstPath = "include/$(PRODUCT_NAME)";
			dstSubfolderSpec = 16;
			files = (
				4E2A8B39211685F800290C02 /* SDWindowLib.h in CopyFiles */,
			);
			runOnlyForDeploymentPostprocessing = 0;
		};
/* End PBXCopyFilesBuildPhase section */

/* Begin PBXFileReference section */
		4E2A8ABD2116821500290C02 /* SDWindow.app */ = {isa = PBXFileReference; explicitFileType = wrapper.application; includeInIndex = 0; path = SDWindow.app; sourceTree = BUILT_PRODUCTS_DIR; };
		4E2A8AF32116828500290C02 /* AppDelegate.h */ = {isa = PBXFileReference; fileEncoding = 4; lastKnownFileType = sourcecode.c.h; path = AppDelegate.h; sourceTree = "<group>"; };
		4E2A8AF42116828500290C02 /* Assets.xcassets */ = {isa = PBXFileReference; lastKnownFileType = folder.assetcatalog; path = Assets.xcassets; sourceTree = "<group>"; };
		4E2A8AF52116828500290C02 /* ViewController.m */ = {isa = PBXFileReference; fileEncoding = 4; lastKnownFileType = sourcecode.c.objc; path = ViewController.m; sourceTree = "<group>"; };
		4E2A8AF72116828500290C02 /* Base */ = {isa = PBXFileReference; lastKnownFileType = file.storyboard; name = Base; path = Base.lproj/LaunchScreen.storyboard; sourceTree = "<group>"; };
		4E2A8AF92116828500290C02 /* Base */ = {isa = PBXFileReference; lastKnownFileType = file.storyboard; name = Base; path = Base.lproj/Main.storyboard; sourceTree = "<group>"; };
		4E2A8AFA2116828500290C02 /* main.m */ = {isa = PBXFileReference; fileEncoding = 4; lastKnownFileType = sourcecode.c.objc; path = main.m; sourceTree = "<group>"; };
		4E2A8AFB2116828500290C02 /* AppDelegate.m */ = {isa = PBXFileReference; fileEncoding = 4; lastKnownFileType = sourcecode.c.objc; path = AppDelegate.m; sourceTree = "<group>"; };
		4E2A8AFC2116828500290C02 /* Info.plist */ = {isa = PBXFileReference; fileEncoding = 4; lastKnownFileType = text.plist.xml; path = Info.plist; sourceTree = "<group>"; };
		4E2A8AFD2116828500290C02 /* ViewController.h */ = {isa = PBXFileReference; fileEncoding = 4; lastKnownFileType = sourcecode.c.h; path = ViewController.h; sourceTree = "<group>"; };
		4E2A8B082116850100290C02 /* notes.h */ = {isa = PBXFileReference; lastKnownFileType = sourcecode.c.h; path = notes.h; sourceTree = "<group>"; };
		4E2A8B34211685F800290C02 /* libSDWindowLib.a */ = {isa = PBXFileReference; explicitFileType = archive.ar; includeInIndex = 0; path = libSDWindowLib.a; sourceTree = BUILT_PRODUCTS_DIR; };
		4E2A8B36211685F800290C02 /* SDWindowLib.h */ = {isa = PBXFileReference; lastKnownFileType = sourcecode.c.h; path = SDWindowLib.h; sourceTree = "<group>"; };
		4E2A8B37211685F800290C02 /* SDWindowLib.m */ = {isa = PBXFileReference; lastKnownFileType = sourcecode.c.objc; path = SDWindowLib.m; sourceTree = "<group>"; };
		4E2A8B442116869B00290C02 /* SDWindow.m */ = {isa = PBXFileReference; fileEncoding = 4; lastKnownFileType = sourcecode.c.objc; path = SDWindow.m; sourceTree = "<group>"; };
		4E2A8B452116869B00290C02 /* SDWindow.h */ = {isa = PBXFileReference; fileEncoding = 4; lastKnownFileType = sourcecode.c.h; path = SDWindow.h; sourceTree = "<group>"; };
/* End PBXFileReference section */

/* Begin PBXFrameworksBuildPhase section */
		4E2A8ABA2116821500290C02 /* Frameworks */ = {
			isa = PBXFrameworksBuildPhase;
			buildActionMask = 2147483647;
			files = (
			);
			runOnlyForDeploymentPostprocessing = 0;
		};
		4E2A8B31211685F800290C02 /* Frameworks */ = {
			isa = PBXFrameworksBuildPhase;
			buildActionMask = 2147483647;
			files = (
			);
			runOnlyForDeploymentPostprocessing = 0;
		};
/* End PBXFrameworksBuildPhase section */

/* Begin PBXGroup section */
		4E2A8AB42116821500290C02 = {
			isa = PBXGroup;
			children = (
				4E2A8B432116869B00290C02 /* component */,
				4E2A8AF22116828500290C02 /* testapp */,
				4E2A8B35211685F800290C02 /* SDWindowLib */,
				4E2A8ABE2116821500290C02 /* Products */,
			);
			sourceTree = "<group>";
		};
		4E2A8ABE2116821500290C02 /* Products */ = {
			isa = PBXGroup;
			children = (
				4E2A8ABD2116821500290C02 /* SDWindow.app */,
				4E2A8B34211685F800290C02 /* libSDWindowLib.a */,
			);
			name = Products;
			sourceTree = "<group>";
		};
		4E2A8AF22116828500290C02 /* testapp */ = {
			isa = PBXGroup;
			children = (
				4E2A8B082116850100290C02 /* notes.h */,
				4E2A8AF32116828500290C02 /* AppDelegate.h */,
				4E2A8AF42116828500290C02 /* Assets.xcassets */,
				4E2A8AF52116828500290C02 /* ViewController.m */,
				4E2A8AF62116828500290C02 /* LaunchScreen.storyboard */,
				4E2A8AF82116828500290C02 /* Main.storyboard */,
				4E2A8AFA2116828500290C02 /* main.m */,
				4E2A8AFB2116828500290C02 /* AppDelegate.m */,
				4E2A8AFC2116828500290C02 /* Info.plist */,
				4E2A8AFD2116828500290C02 /* ViewController.h */,
			);
			path = testapp;
			sourceTree = "<group>";
		};
		4E2A8B35211685F800290C02 /* SDWindowLib */ = {
			isa = PBXGroup;
			children = (
				4E2A8B36211685F800290C02 /* SDWindowLib.h */,
				4E2A8B37211685F800290C02 /* SDWindowLib.m */,
			);
			path = SDWindowLib;
			sourceTree = "<group>";
		};
		4E2A8B432116869B00290C02 /* component */ = {
			isa = PBXGroup;
			children = (
				4E2A8B442116869B00290C02 /* SDWindow.m */,
				4E2A8B452116869B00290C02 /* SDWindow.h */,
			);
			path = component;
			sourceTree = "<group>";
		};
/* End PBXGroup section */

/* Begin PBXNativeTarget section */
		4E2A8ABC2116821500290C02 /* SDWindow */ = {
			isa = PBXNativeTarget;
			buildConfigurationList = 4E2A8AE92116821800290C02 /* Build configuration list for PBXNativeTarget "SDWindow" */;
			buildPhases = (
				4E2A8AB92116821500290C02 /* Sources */,
				4E2A8ABA2116821500290C02 /* Frameworks */,
				4E2A8ABB2116821500290C02 /* Resources */,
			);
			buildRules = (
			);
			dependencies = (
			);
			name = SDWindow;
			productName = SDWindow;
			productReference = 4E2A8ABD2116821500290C02 /* SDWindow.app */;
			productType = "com.apple.product-type.application";
		};
		4E2A8B33211685F800290C02 /* SDWindowLib */ = {
			isa = PBXNativeTarget;
			buildConfigurationList = 4E2A8B3C211685F800290C02 /* Build configuration list for PBXNativeTarget "SDWindowLib" */;
			buildPhases = (
				4E2A8B30211685F800290C02 /* Sources */,
				4E2A8B31211685F800290C02 /* Frameworks */,
				4E2A8B32211685F800290C02 /* CopyFiles */,
			);
			buildRules = (
			);
			dependencies = (
			);
			name = SDWindowLib;
			productName = SDWindowLib;
			productReference = 4E2A8B34211685F800290C02 /* libSDWindowLib.a */;
			productType = "com.apple.product-type.library.static";
		};
/* End PBXNativeTarget section */

/* Begin PBXProject section */
		4E2A8AB52116821500290C02 /* Project object */ = {
			isa = PBXProject;
			attributes = {
				LastUpgradeCheck = 0940;
				ORGANIZATIONNAME = sdsoft;
				TargetAttributes = {
					4E2A8ABC2116821500290C02 = {
						CreatedOnToolsVersion = 9.4.1;
					};
					4E2A8B33211685F800290C02 = {
						CreatedOnToolsVersion = 9.4.1;
					};
				};
			};
			buildConfigurationList = 4E2A8AB82116821500290C02 /* Build configuration list for PBXProject "SDWindow" */;
			compatibilityVersion = "Xcode 9.3";
			developmentRegion = en;
			hasScannedForEncodings = 0;
			knownRegions = (
				en,
				Base,
			);
			mainGroup = 4E2A8AB42116821500290C02;
			productRefGroup = 4E2A8ABE2116821500290C02 /* Products */;
			projectDirPath = "";
			projectRoot = "";
			targets = (
				4E2A8ABC2116821500290C02 /* SDWindow */,
				4E2A8B33211685F800290C02 /* SDWindowLib */,
			);
		};
/* End PBXProject section */

/* Begin PBXResourcesBuildPhase section */
		4E2A8ABB2116821500290C02 /* Resources */ = {
			isa = PBXResourcesBuildPhase;
			buildActionMask = 2147483647;
			files = (
				4E2A8B042116828500290C02 /* Info.plist in Resources */,
				4E2A8B012116828500290C02 /* Main.storyboard in Resources */,
				4E2A8AFE2116828500290C02 /* Assets.xcassets in Resources */,
				4E2A8B002116828500290C02 /* LaunchScreen.storyboard in Resources */,
			);
			runOnlyForDeploymentPostprocessing = 0;
		};
/* End PBXResourcesBuildPhase section */

/* Begin PBXSourcesBuildPhase section */
		4E2A8AB92116821500290C02 /* Sources */ = {
			isa = PBXSourcesBuildPhase;
			buildActionMask = 2147483647;
			files = (
				4E2A8B462116869B00290C02 /* SDWindow.m in Sources */,
				4E2A8B022116828500290C02 /* main.m in Sources */,
				4E2A8AFF2116828500290C02 /* ViewController.m in Sources */,
				4E2A8B032116828500290C02 /* AppDelegate.m in Sources */,
			);
			runOnlyForDeploymentPostprocessing = 0;
		};
		4E2A8B30211685F800290C02 /* Sources */ = {
			isa = PBXSourcesBuildPhase;
			buildActionMask = 2147483647;
			files = (
				4E2A8B472116869F00290C02 /* SDWindow.m in Sources */,
			);
			runOnlyForDeploymentPostprocessing = 0;
		};
/* End PBXSourcesBuildPhase section */

/* Begin PBXVariantGroup section */
		4E2A8AF62116828500290C02 /* LaunchScreen.storyboard */ = {
			isa = PBXVariantGroup;
			children = (
				4E2A8AF72116828500290C02 /* Base */,
			);
			name = LaunchScreen.storyboard;
			sourceTree = "<group>";
		};
		4E2A8AF82116828500290C02 /* Main.storyboard */ = {
			isa = PBXVariantGroup;
			children = (
				4E2A8AF92116828500290C02 /* Base */,
			);
			name = Main.storyboard;
			sourceTree = "<group>";
		};
/* End PBXVariantGroup section */

/* Begin XCBuildConfiguration section */
		4E2A8AE72116821800290C02 /* Debug */ = {
			isa = XCBuildConfiguration;
			buildSettings = {
				ALWAYS_SEARCH_USER_PATHS = NO;
				CLANG_ANALYZER_NONNULL = YES;
				CLANG_ANALYZER_NUMBER_OBJECT_CONVERSION = YES_AGGRESSIVE;
				CLANG_CXX_LANGUAGE_STANDARD = "gnu++14";
				CLANG_CXX_LIBRARY = "libc++";
				CLANG_ENABLE_MODULES = YES;
				CLANG_ENABLE_OBJC_ARC = YES;
				CLANG_ENABLE_OBJC_WEAK = YES;
				CLANG_WARN_BLOCK_CAPTURE_AUTORELEASING = YES;
				CLANG_WARN_BOOL_CONVERSION = YES;
				CLANG_WARN_COMMA = YES;
				CLANG_WARN_CONSTANT_CONVERSION = YES;
				CLANG_WARN_DEPRECATED_OBJC_IMPLEMENTATIONS = YES;
				CLANG_WARN_DIRECT_OBJC_ISA_USAGE = YES_ERROR;
				CLANG_WARN_DOCUMENTATION_COMMENTS = YES;
				CLANG_WARN_EMPTY_BODY = YES;
				CLANG_WARN_ENUM_CONVERSION = YES;
				CLANG_WARN_INFINITE_RECURSION = YES;
				CLANG_WARN_INT_CONVERSION = YES;
				CLANG_WARN_NON_LITERAL_NULL_CONVERSION = YES;
				CLANG_WARN_OBJC_IMPLICIT_RETAIN_SELF = YES;
				CLANG_WARN_OBJC_LITERAL_CONVERSION = YES;
				CLANG_WARN_OBJC_ROOT_CLASS = YES_ERROR;
				CLANG_WARN_RANGE_LOOP_ANALYSIS = YES;
				CLANG_WARN_STRICT_PROTOTYPES = YES;
				CLANG_WARN_SUSPICIOUS_MOVE = YES;
				CLANG_WARN_UNGUARDED_AVAILABILITY = YES_AGGRESSIVE;
				CLANG_WARN_UNREACHABLE_CODE = YES;
				CLANG_WARN__DUPLICATE_METHOD_MATCH = YES;
				CODE_SIGN_IDENTITY = "iPhone Developer";
				COPY_PHASE_STRIP = NO;
				DEBUG_INFORMATION_FORMAT = dwarf;
				ENABLE_STRICT_OBJC_MSGSEND = YES;
				ENABLE_TESTABILITY = YES;
				GCC_C_LANGUAGE_STANDARD = gnu11;
				GCC_DYNAMIC_NO_PIC = NO;
				GCC_NO_COMMON_BLOCKS = YES;
				GCC_OPTIMIZATION_LEVEL = 0;
				GCC_PREPROCESSOR_DEFINITIONS = (
					"DEBUG=1",
					"$(inherited)",
				);
				GCC_WARN_64_TO_32_BIT_CONVERSION = YES;
				GCC_WARN_ABOUT_RETURN_TYPE = YES_ERROR;
				GCC_WARN_UNDECLARED_SELECTOR = YES;
				GCC_WARN_UNINITIALIZED_AUTOS = YES_AGGRESSIVE;
				GCC_WARN_UNUSED_FUNCTION = YES;
				GCC_WARN_UNUSED_VARIABLE = YES;
				IPHONEOS_DEPLOYMENT_TARGET = 11.4;
				MTL_ENABLE_DEBUG_INFO = YES;
				ONLY_ACTIVE_ARCH = YES;
				SDKROOT = iphoneos;
			};
			name = Debug;
		};
		4E2A8AE82116821800290C02 /* Release */ = {
			isa = XCBuildConfiguration;
			buildSettings = {
				ALWAYS_SEARCH_USER_PATHS = NO;
				CLANG_ANALYZER_NONNULL = YES;
				CLANG_ANALYZER_NUMBER_OBJECT_CONVERSION = YES_AGGRESSIVE;
				CLANG_CXX_LANGUAGE_STANDARD = "gnu++14";
				CLANG_CXX_LIBRARY = "libc++";
				CLANG_ENABLE_MODULES = YES;
				CLANG_ENABLE_OBJC_ARC = YES;
				CLANG_ENABLE_OBJC_WEAK = YES;
				CLANG_WARN_BLOCK_CAPTURE_AUTORELEASING = YES;
				CLANG_WARN_BOOL_CONVERSION = YES;
				CLANG_WARN_COMMA = YES;
				CLANG_WARN_CONSTANT_CONVERSION = YES;
				CLANG_WARN_DEPRECATED_OBJC_IMPLEMENTATIONS = YES;
				CLANG_WARN_DIRECT_OBJC_ISA_USAGE = YES_ERROR;
				CLANG_WARN_DOCUMENTATION_COMMENTS = YES;
				CLANG_WARN_EMPTY_BODY = YES;
				CLANG_WARN_ENUM_CONVERSION = YES;
				CLANG_WARN_INFINITE_RECURSION = YES;
				CLANG_WARN_INT_CONVERSION = YES;
				CLANG_WARN_NON_LITERAL_NULL_CONVERSION = YES;
				CLANG_WARN_OBJC_IMPLICIT_RETAIN_SELF = YES;
				CLANG_WARN_OBJC_LITERAL_CONVERSION = YES;
				CLANG_WARN_OBJC_ROOT_CLASS = YES_ERROR;
				CLANG_WARN_RANGE_LOOP_ANALYSIS = YES;
				CLANG_WARN_STRICT_PROTOTYPES = YES;
				CLANG_WARN_SUSPICIOUS_MOVE = YES;
				CLANG_WARN_UNGUARDED_AVAILABILITY = YES_AGGRESSIVE;
				CLANG_WARN_UNREACHABLE_CODE = YES;
				CLANG_WARN__DUPLICATE_METHOD_MATCH = YES;
				CODE_SIGN_IDENTITY = "iPhone Developer";
				COPY_PHASE_STRIP = NO;
				DEBUG_INFORMATION_FORMAT = "dwarf-with-dsym";
				ENABLE_NS_ASSERTIONS = NO;
				ENABLE_STRICT_OBJC_MSGSEND = YES;
				GCC_C_LANGUAGE_STANDARD = gnu11;
				GCC_NO_COMMON_BLOCKS = YES;
				GCC_WARN_64_TO_32_BIT_CONVERSION = YES;
				GCC_WARN_ABOUT_RETURN_TYPE = YES_ERROR;
				GCC_WARN_UNDECLARED_SELECTOR = YES;
				GCC_WARN_UNINITIALIZED_AUTOS = YES_AGGRESSIVE;
				GCC_WARN_UNUSED_FUNCTION = YES;
				GCC_WARN_UNUSED_VARIABLE = YES;
				IPHONEOS_DEPLOYMENT_TARGET = 11.4;
				MTL_ENABLE_DEBUG_INFO = NO;
				SDKROOT = iphoneos;
				VALIDATE_PRODUCT = YES;
			};
			name = Release;
		};
		4E2A8AEA2116821800290C02 /* Debug */ = {
			isa = XCBuildConfiguration;
			buildSettings = {
				ASSETCATALOG_COMPILER_APPICON_NAME = AppIcon;
				CODE_SIGN_STYLE = Automatic;
				INFOPLIST_FILE = "$(SRCROOT)/testapp/Info.plist";
				LD_RUNPATH_SEARCH_PATHS = (
					"$(inherited)",
					"@executable_path/Frameworks",
				);
				PRODUCT_BUNDLE_IDENTIFIER = com.sdsoft.SDWindow;
				PRODUCT_NAME = "$(TARGET_NAME)";
				TARGETED_DEVICE_FAMILY = "1,2";
			};
			name = Debug;
		};
		4E2A8AEB2116821800290C02 /* Release */ = {
			isa = XCBuildConfiguration;
			buildSettings = {
				ASSETCATALOG_COMPILER_APPICON_NAME = AppIcon;
				CODE_SIGN_STYLE = Automatic;
				INFOPLIST_FILE = "$(SRCROOT)/testapp/Info.plist";
				LD_RUNPATH_SEARCH_PATHS = (
					"$(inherited)",
					"@executable_path/Frameworks",
				);
				PRODUCT_BUNDLE_IDENTIFIER = com.sdsoft.SDWindow;
				PRODUCT_NAME = "$(TARGET_NAME)";
				TARGETED_DEVICE_FAMILY = "1,2";
			};
			name = Release;
		};
		4E2A8B3A211685F800290C02 /* Debug */ = {
			isa = XCBuildConfiguration;
			buildSettings = {
				CODE_SIGN_STYLE = Automatic;
				OTHER_LDFLAGS = "-ObjC";
				PRODUCT_NAME = "$(TARGET_NAME)";
				SKIP_INSTALL = YES;
				TARGETED_DEVICE_FAMILY = "1,2";
			};
			name = Debug;
		};
		4E2A8B3B211685F800290C02 /* Release */ = {
			isa = XCBuildConfiguration;
			buildSettings = {
				CODE_SIGN_STYLE = Automatic;
				OTHER_LDFLAGS = "-ObjC";
				PRODUCT_NAME = "$(TARGET_NAME)";
				SKIP_INSTALL = YES;
				TARGETED_DEVICE_FAMILY = "1,2";
			};
			name = Release;
		};
/* End XCBuildConfiguration section */

/* Begin XCConfigurationList section */
		4E2A8AB82116821500290C02 /* Build configuration list for PBXProject "SDWindow" */ = {
			isa = XCConfigurationList;
			buildConfigurations = (
				4E2A8AE72116821800290C02 /* Debug */,
				4E2A8AE82116821800290C02 /* Release */,
			);
			defaultConfigurationIsVisible = 0;
			defaultConfigurationName = Release;
		};
		4E2A8AE92116821800290C02 /* Build configuration list for PBXNativeTarget "SDWindow" */ = {
			isa = XCConfigurationList;
			buildConfigurations = (
				4E2A8AEA2116821800290C02 /* Debug */,
				4E2A8AEB2116821800290C02 /* Release */,
			);
			defaultConfigurationIsVisible = 0;
			defaultConfigurationName = Release;
		};
		4E2A8B3C211685F800290C02 /* Build configuration list for PBXNativeTarget "SDWindowLib" */ = {
			isa = XCConfigurationList;
			buildConfigurations = (
				4E2A8B3A211685F800290C02 /* Debug */,
				4E2A8B3B211685F800290C02 /* Release */,
			);
			defaultConfigurationIsVisible = 0;
			defaultConfigurationName = Release;
		};
/* End XCConfigurationList section */
	};
	rootObject = 4E2A8AB52116821500290C02 /* Project object */;
}
